
Microsoft Visual Studio Solution File, Format Version 12.00
# Visual Studio 15
VisualStudioVersion = 15.0.28307.168
MinimumVisualStudioVersion = 10.0.40219.1
Project("{FAE04EC0-301F-11D3-BF4B-00C04F79EFBC}") = "CommonTypeSystemHomework2", "CommonTypeSystemHomework2\CommonTypeSystemHomework2.csproj", "{4BC98C4E-6E1F-4209-9B1F-C1D7D6B6797B}"
EndProject
Global
	GlobalSection(SolutionConfigurationPlatforms) = preSolution
		Debug|Any CPU = Debug|Any CPU
		Release|Any CPU = Release|Any CPU
	EndGlobalSection
	GlobalSection(ProjectConfigurationPlatforms) = postSolution
		{4BC98C4E-6E1F-4209-9B1F-C1D7D6B6797B}.Debug|Any CPU.ActiveCfg = Debug|Any CPU
		{4BC98C4E-6E1F-4209-9B1F-C1D7D6B6797B}.Debug|Any CPU.Build.0 = Debug|Any CPU
		{4BC98C4E-6E1F-4209-9B1F-C1D7D6B6797B}.Release|Any CPU.ActiveCfg = Release|Any CPU
		{4BC98C4E-6E1F-4209-9B1F-C1D7D6B6797B}.Release|Any CPU.Build.0 = Release|Any CPU
	EndGlobalSection
	GlobalSection(SolutionProperties) = preSolution
		HideSolutionNode = FALSE
	EndGlobalSection
	GlobalSection(ExtensibilityGlobals) = postSolution
		SolutionGuid = {5D2103A0-EA8D-4BF0-8FA5-94D1ECCC3180}
	EndGlobalSection
EndGlobal
