
Microsoft Visual Studio Solution File, Format Version 12.00
# Visual Studio 15
VisualStudioVersion = 15.0.28307.168
MinimumVisualStudioVersion = 10.0.40219.1
Project("{FAE04EC0-301F-11D3-BF4B-00C04F79EFBC}") = "FirstBeforeLastEx3", "FirstBeforeLastEx3\FirstBeforeLastEx3.csproj", "{93D15447-6649-41A0-9436-FDE4D5C758B9}"
EndProject
Global
	GlobalSection(SolutionConfigurationPlatforms) = preSolution
		Debug|Any CPU = Debug|Any CPU
		Release|Any CPU = Release|Any CPU
	EndGlobalSection
	GlobalSection(ProjectConfigurationPlatforms) = postSolution
		{93D15447-6649-41A0-9436-FDE4D5C758B9}.Debug|Any CPU.ActiveCfg = Debug|Any CPU
		{93D15447-6649-41A0-9436-FDE4D5C758B9}.Debug|Any CPU.Build.0 = Debug|Any CPU
		{93D15447-6649-41A0-9436-FDE4D5C758B9}.Release|Any CPU.ActiveCfg = Release|Any CPU
		{93D15447-6649-41A0-9436-FDE4D5C758B9}.Release|Any CPU.Build.0 = Release|Any CPU
	EndGlobalSection
	GlobalSection(SolutionProperties) = preSolution
		HideSolutionNode = FALSE
	EndGlobalSection
	GlobalSection(ExtensibilityGlobals) = postSolution
		SolutionGuid = {A7B83471-ED33-4F57-8685-0FECA68F736D}
	EndGlobalSection
EndGlobal
