
Microsoft Visual Studio Solution File, Format Version 12.00
# Visual Studio 15
VisualStudioVersion = 15.0.28307.168
MinimumVisualStudioVersion = 10.0.40219.1
Project("{FAE04EC0-301F-11D3-BF4B-00C04F79EFBC}") = "LongestStringEx17", "LongestStringEx17\LongestStringEx17.csproj", "{96BB6006-FD84-4B54-9ACA-DB082D1BC97F}"
EndProject
Global
	GlobalSection(SolutionConfigurationPlatforms) = preSolution
		Debug|Any CPU = Debug|Any CPU
		Release|Any CPU = Release|Any CPU
	EndGlobalSection
	GlobalSection(ProjectConfigurationPlatforms) = postSolution
		{96BB6006-FD84-4B54-9ACA-DB082D1BC97F}.Debug|Any CPU.ActiveCfg = Debug|Any CPU
		{96BB6006-FD84-4B54-9ACA-DB082D1BC97F}.Debug|Any CPU.Build.0 = Debug|Any CPU
		{96BB6006-FD84-4B54-9ACA-DB082D1BC97F}.Release|Any CPU.ActiveCfg = Release|Any CPU
		{96BB6006-FD84-4B54-9ACA-DB082D1BC97F}.Release|Any CPU.Build.0 = Release|Any CPU
	EndGlobalSection
	GlobalSection(SolutionProperties) = preSolution
		HideSolutionNode = FALSE
	EndGlobalSection
	GlobalSection(ExtensibilityGlobals) = postSolution
		SolutionGuid = {9D33526B-E2D0-4A9F-AA22-37263EF40B0A}
	EndGlobalSection
EndGlobal
