
Microsoft Visual Studio Solution File, Format Version 12.00
# Visual Studio 15
VisualStudioVersion = 15.0.28307.168
MinimumVisualStudioVersion = 10.0.40219.1
Project("{FAE04EC0-301F-11D3-BF4B-00C04F79EFBC}") = "Shapes", "Shapes\Shapes.csproj", "{4F7C6027-A2BE-4A6B-8A7E-00B3D8430B24}"
EndProject
Project("{FAE04EC0-301F-11D3-BF4B-00C04F79EFBC}") = "Classes", "C!\Classes.csproj", "{C9563DDA-CCD2-4965-9A8E-0333B83149EF}"
EndProject
Global
	GlobalSection(SolutionConfigurationPlatforms) = preSolution
		Debug|Any CPU = Debug|Any CPU
		Release|Any CPU = Release|Any CPU
	EndGlobalSection
	GlobalSection(ProjectConfigurationPlatforms) = postSolution
		{4F7C6027-A2BE-4A6B-8A7E-00B3D8430B24}.Debug|Any CPU.ActiveCfg = Debug|Any CPU
		{4F7C6027-A2BE-4A6B-8A7E-00B3D8430B24}.Debug|Any CPU.Build.0 = Debug|Any CPU
		{4F7C6027-A2BE-4A6B-8A7E-00B3D8430B24}.Release|Any CPU.ActiveCfg = Release|Any CPU
		{4F7C6027-A2BE-4A6B-8A7E-00B3D8430B24}.Release|Any CPU.Build.0 = Release|Any CPU
		{C9563DDA-CCD2-4965-9A8E-0333B83149EF}.Debug|Any CPU.ActiveCfg = Debug|Any CPU
		{C9563DDA-CCD2-4965-9A8E-0333B83149EF}.Debug|Any CPU.Build.0 = Debug|Any CPU
		{C9563DDA-CCD2-4965-9A8E-0333B83149EF}.Release|Any CPU.ActiveCfg = Release|Any CPU
		{C9563DDA-CCD2-4965-9A8E-0333B83149EF}.Release|Any CPU.Build.0 = Release|Any CPU
	EndGlobalSection
	GlobalSection(SolutionProperties) = preSolution
		HideSolutionNode = FALSE
	EndGlobalSection
	GlobalSection(ExtensibilityGlobals) = postSolution
		SolutionGuid = {1BE52CCF-2497-4201-A152-C77E7D1B5FBD}
	EndGlobalSection
EndGlobal
