
Microsoft Visual Studio Solution File, Format Version 12.00
# Visual Studio 15
VisualStudioVersion = 15.0.28307.168
MinimumVisualStudioVersion = 10.0.40219.1
Project("{FAE04EC0-301F-11D3-BF4B-00C04F79EFBC}") = "CommonTypeSystemHomework4", "CommonTypeSystemHomework4\CommonTypeSystemHomework4.csproj", "{BD55F7E6-E6A9-4FCC-AAF2-682653A8DC28}"
EndProject
Global
	GlobalSection(SolutionConfigurationPlatforms) = preSolution
		Debug|Any CPU = Debug|Any CPU
		Release|Any CPU = Release|Any CPU
	EndGlobalSection
	GlobalSection(ProjectConfigurationPlatforms) = postSolution
		{BD55F7E6-E6A9-4FCC-AAF2-682653A8DC28}.Debug|Any CPU.ActiveCfg = Debug|Any CPU
		{BD55F7E6-E6A9-4FCC-AAF2-682653A8DC28}.Debug|Any CPU.Build.0 = Debug|Any CPU
		{BD55F7E6-E6A9-4FCC-AAF2-682653A8DC28}.Release|Any CPU.ActiveCfg = Release|Any CPU
		{BD55F7E6-E6A9-4FCC-AAF2-682653A8DC28}.Release|Any CPU.Build.0 = Release|Any CPU
	EndGlobalSection
	GlobalSection(SolutionProperties) = preSolution
		HideSolutionNode = FALSE
	EndGlobalSection
	GlobalSection(ExtensibilityGlobals) = postSolution
		SolutionGuid = {D4C1DA15-8FDE-4201-B494-2F4A72D9BCD4}
	EndGlobalSection
EndGlobal
