
Microsoft Visual Studio Solution File, Format Version 12.00
# Visual Studio 15
VisualStudioVersion = 15.0.28307.168
MinimumVisualStudioVersion = 10.0.40219.1
Project("{FAE04EC0-301F-11D3-BF4B-00C04F79EFBC}") = "StringBuilderSubstringEx1", "StringBuilderSubstringEx1\StringBuilderSubstringEx1.csproj", "{38A26AC8-A747-4B2C-A54D-18418B40E3E5}"
EndProject
Global
	GlobalSection(SolutionConfigurationPlatforms) = preSolution
		Debug|Any CPU = Debug|Any CPU
		Release|Any CPU = Release|Any CPU
	EndGlobalSection
	GlobalSection(ProjectConfigurationPlatforms) = postSolution
		{38A26AC8-A747-4B2C-A54D-18418B40E3E5}.Debug|Any CPU.ActiveCfg = Debug|Any CPU
		{38A26AC8-A747-4B2C-A54D-18418B40E3E5}.Debug|Any CPU.Build.0 = Debug|Any CPU
		{38A26AC8-A747-4B2C-A54D-18418B40E3E5}.Release|Any CPU.ActiveCfg = Release|Any CPU
		{38A26AC8-A747-4B2C-A54D-18418B40E3E5}.Release|Any CPU.Build.0 = Release|Any CPU
	EndGlobalSection
	GlobalSection(SolutionProperties) = preSolution
		HideSolutionNode = FALSE
	EndGlobalSection
	GlobalSection(ExtensibilityGlobals) = postSolution
		SolutionGuid = {469DF902-BFDF-4697-873A-15044BD27E74}
	EndGlobalSection
EndGlobal
